{
  "version": 4,
  "terraform_version": "1.15.7",
  "serial": 3,
  "lineage": "ce92af36-31ad-4a4f-e65d-094f320f09dc",
  "outputs": {},
  "resources": [
    {
      "mode": "managed",
      "type": "local_file",
      "name": "variable_file",
      "provider": "provider[\"registry.terraform.io/hashicorp/local\"]",
      "instances": [
        {
          "schema_version": 0,
          "attributes": {
            "content": "some random dynamic content",
            "content_base64": null,
            "content_base64sha256": "60YZ7BF1k+JxK0bEiDH5ergILsU+fsuz9dHAHpyFwr4=",
            "content_base64sha512": "27FNAMglmebdak4oQs/YKEVjFN/0hnpISfRqxVu2D5do20FlwDKdTpKWE/s6zG1HzZ1qFeV+BnrwNxS1agH63w==",
            "content_md5": "6a7aad0ab4f16878b1e6afb40ee72046",
            "content_sha1": "6a0f8c30f51c83cc770e6401d7a3e89b7ee20426",
            "content_sha256": "eb4619ec117593e2712b46c48831f97ab8082ec53e7ecbb3f5d1c01e9c85c2be",
            "content_sha512": "dbb14d00c82599e6dd6a4e2842cfd828456314dff4867a4849f46ac55bb60f9768db4165c0329d4e929613fb3acc6d47cd9d6a15e57e067af03714b56a01fadf",
            "directory_permission": "0777",
            "file_permission": "0777",
            "filename": "./variables.txt",
            "id": "6a0f8c30f51c83cc770e6401d7a3e89b7ee20426",
            "sensitive_content": null,
            "source": null
          },
          "sensitive_attributes": [
            [
              {
                "type": "get_attr",
                "value": "sensitive_content"
              }
            ]
          ],
          "identity_schema_version": 0
        }
      ]
    }
  ],
  "check_results": null
}
